
Microsoft Visual Studio Solution File, Format Version 12.00
# Visual Studio Version 17
VisualStudioVersion = 17.0.31903.59
MinimumVisualStudioVersion = 10.0.40219.1
Project("{FAE04EC0-301F-11D3-BF4B-00C04F79EFBC}") = "BosquesNalcahue.API", "BosquesNalcahue.API\BosquesNalcahue.API.csproj", "{399D60BB-0CA1-44BB-BB15-1A3B3BE7BC8E}"
EndProject
Project("{FAE04EC0-301F-11D3-BF4B-00C04F79EFBC}") = "BosquesNalcahue.Application", "BosquesNalcahue.Application\BosquesNalcahue.Application.csproj", "{074C21F6-B19A-4606-902F-74E8D888E5CA}"
EndProject
Project("{FAE04EC0-301F-11D3-BF4B-00C04F79EFBC}") = "BosquesNalcahue.Contracts", "BosquesNalcahue.Contracts\BosquesNalcahue.Contracts.csproj", "{192F00F9-B2FE-441C-BE15-1BB9A46F258A}"
EndProject
Global
	GlobalSection(SolutionConfigurationPlatforms) = preSolution
		Debug|Any CPU = Debug|Any CPU
		Release|Any CPU = Release|Any CPU
	EndGlobalSection
	GlobalSection(SolutionProperties) = preSolution
		HideSolutionNode = FALSE
	EndGlobalSection
	GlobalSection(ProjectConfigurationPlatforms) = postSolution
		{399D60BB-0CA1-44BB-BB15-1A3B3BE7BC8E}.Debug|Any CPU.ActiveCfg = Debug|Any CPU
		{399D60BB-0CA1-44BB-BB15-1A3B3BE7BC8E}.Debug|Any CPU.Build.0 = Debug|Any CPU
		{399D60BB-0CA1-44BB-BB15-1A3B3BE7BC8E}.Release|Any CPU.ActiveCfg = Release|Any CPU
		{399D60BB-0CA1-44BB-BB15-1A3B3BE7BC8E}.Release|Any CPU.Build.0 = Release|Any CPU
		{074C21F6-B19A-4606-902F-74E8D888E5CA}.Debug|Any CPU.ActiveCfg = Debug|Any CPU
		{074C21F6-B19A-4606-902F-74E8D888E5CA}.Debug|Any CPU.Build.0 = Debug|Any CPU
		{074C21F6-B19A-4606-902F-74E8D888E5CA}.Release|Any CPU.ActiveCfg = Release|Any CPU
		{074C21F6-B19A-4606-902F-74E8D888E5CA}.Release|Any CPU.Build.0 = Release|Any CPU
		{192F00F9-B2FE-441C-BE15-1BB9A46F258A}.Debug|Any CPU.ActiveCfg = Debug|Any CPU
		{192F00F9-B2FE-441C-BE15-1BB9A46F258A}.Debug|Any CPU.Build.0 = Debug|Any CPU
		{192F00F9-B2FE-441C-BE15-1BB9A46F258A}.Release|Any CPU.ActiveCfg = Release|Any CPU
		{192F00F9-B2FE-441C-BE15-1BB9A46F258A}.Release|Any CPU.Build.0 = Release|Any CPU
	EndGlobalSection
EndGlobal
